
Microsoft Visual Studio Solution File, Format Version 12.00
# Visual Studio Version 17
VisualStudioVersion = 17.14.36908.2 d17.14
MinimumVisualStudioVersion = 10.0.40219.1
Project("{FAE04EC0-301F-11D3-BF4B-00C04F79EFBC}") = "FinalTask", "FinalTask.csproj", "{579576F0-5792-433B-8B45-79968A97B4C0}"
EndProject
Global
	GlobalSection(SolutionConfigurationPlatforms) = preSolution
		Debug|Any CPU = Debug|Any CPU
		Release|Any CPU = Release|Any CPU
	EndGlobalSection
	GlobalSection(ProjectConfigurationPlatforms) = postSolution
		{579576F0-5792-433B-8B45-79968A97B4C0}.Debug|Any CPU.ActiveCfg = Debug|Any CPU
		{579576F0-5792-433B-8B45-79968A97B4C0}.Debug|Any CPU.Build.0 = Debug|Any CPU
		{579576F0-5792-433B-8B45-79968A97B4C0}.Release|Any CPU.ActiveCfg = Release|Any CPU
		{579576F0-5792-433B-8B45-79968A97B4C0}.Release|Any CPU.Build.0 = Release|Any CPU
	EndGlobalSection
	GlobalSection(SolutionProperties) = preSolution
		HideSolutionNode = FALSE
	EndGlobalSection
	GlobalSection(ExtensibilityGlobals) = postSolution
		SolutionGuid = {AE9BFA37-ECC9-42CD-BE55-A04A47B04350}
	EndGlobalSection
EndGlobal
